
Microsoft Visual Studio Solution File, Format Version 12.00
# Visual Studio Version 16
VisualStudioVersion = 16.0.30804.86
MinimumVisualStudioVersion = 10.0.40219.1
Project("{FAE04EC0-301F-11D3-BF4B-00C04F79EFBC}") = "FinalTestNet22", "FinalTestNet22\FinalTestNet22.csproj", "{520F7880-B067-4DAC-885E-7687997389D9}"
EndProject
Project("{FAE04EC0-301F-11D3-BF4B-00C04F79EFBC}") = "EventHandler", "EventHandler\EventHandler.csproj", "{BE2B15C7-FAD9-4EB7-9C85-C37439CE7567}"
EndProject
Project("{FAE04EC0-301F-11D3-BF4B-00C04F79EFBC}") = "GenericProject", "GenericProject\GenericProject.csproj", "{F14FF5FD-86D4-4647-8708-B89120F81C8D}"
EndProject
Global
	GlobalSection(SolutionConfigurationPlatforms) = preSolution
		Debug|Any CPU = Debug|Any CPU
		Release|Any CPU = Release|Any CPU
	EndGlobalSection
	GlobalSection(ProjectConfigurationPlatforms) = postSolution
		{520F7880-B067-4DAC-885E-7687997389D9}.Debug|Any CPU.ActiveCfg = Debug|Any CPU
		{520F7880-B067-4DAC-885E-7687997389D9}.Debug|Any CPU.Build.0 = Debug|Any CPU
		{520F7880-B067-4DAC-885E-7687997389D9}.Release|Any CPU.ActiveCfg = Release|Any CPU
		{520F7880-B067-4DAC-885E-7687997389D9}.Release|Any CPU.Build.0 = Release|Any CPU
		{BE2B15C7-FAD9-4EB7-9C85-C37439CE7567}.Debug|Any CPU.ActiveCfg = Debug|Any CPU
		{BE2B15C7-FAD9-4EB7-9C85-C37439CE7567}.Debug|Any CPU.Build.0 = Debug|Any CPU
		{BE2B15C7-FAD9-4EB7-9C85-C37439CE7567}.Release|Any CPU.ActiveCfg = Release|Any CPU
		{BE2B15C7-FAD9-4EB7-9C85-C37439CE7567}.Release|Any CPU.Build.0 = Release|Any CPU
		{F14FF5FD-86D4-4647-8708-B89120F81C8D}.Debug|Any CPU.ActiveCfg = Debug|Any CPU
		{F14FF5FD-86D4-4647-8708-B89120F81C8D}.Debug|Any CPU.Build.0 = Debug|Any CPU
		{F14FF5FD-86D4-4647-8708-B89120F81C8D}.Release|Any CPU.ActiveCfg = Release|Any CPU
		{F14FF5FD-86D4-4647-8708-B89120F81C8D}.Release|Any CPU.Build.0 = Release|Any CPU
	EndGlobalSection
	GlobalSection(SolutionProperties) = preSolution
		HideSolutionNode = FALSE
	EndGlobalSection
	GlobalSection(ExtensibilityGlobals) = postSolution
		SolutionGuid = {FB0A0CC0-3727-4A0C-B62B-1B33391AEE61}
	EndGlobalSection
EndGlobal
